
Microsoft Visual Studio Solution File, Format Version 12.00
# Visual Studio Version 17
VisualStudioVersion = 17.7.34024.191
MinimumVisualStudioVersion = 10.0.40219.1
Project("{8BC9CEB8-8B4A-11D0-8D11-00A0C91BC942}") = "RemoteDesktopClient", "RemoteDesktopClient\RemoteDesktopClient.vcxproj", "{825453DD-7009-44F4-887E-A6F4B1335734}"
EndProject
Project("{8BC9CEB8-8B4A-11D0-8D11-00A0C91BC942}") = "RemoteDesktopServer", "RemoteDesktopServer\RemoteDesktopServer.vcxproj", "{90259610-3FA1-4DD6-94A3-B2304E7BE9C6}"
EndProject
Project("{8BC9CEB8-8B4A-11D0-8D11-00A0C91BC942}") = "Common", "Common\Common.vcxproj", "{295B3104-787C-4B86-A358-3EFC3F23910B}"
EndProject
Project("{8BC9CEB8-8B4A-11D0-8D11-00A0C91BC942}") = "zlibstat", "zlib\contrib\vstudio\vc17\zlibstat.vcxproj", "{745DEC58-EBB3-47A9-A9B8-4C6627C01BF8}"
EndProject
Global
	GlobalSection(SolutionConfigurationPlatforms) = preSolution
		Debug|ARM = Debug|ARM
		Debug|ARM64 = Debug|ARM64
		Debug|x64 = Debug|x64
		Debug|x86 = Debug|x86
		MinSizeRel|ARM = MinSizeRel|ARM
		MinSizeRel|ARM64 = MinSizeRel|ARM64
		MinSizeRel|x64 = MinSizeRel|x64
		MinSizeRel|x86 = MinSizeRel|x86
		Release|ARM = Release|ARM
		Release|ARM64 = Release|ARM64
		Release|x64 = Release|x64
		Release|x86 = Release|x86
		ReleaseWithoutAsm|ARM = ReleaseWithoutAsm|ARM
		ReleaseWithoutAsm|ARM64 = ReleaseWithoutAsm|ARM64
		ReleaseWithoutAsm|x64 = ReleaseWithoutAsm|x64
		ReleaseWithoutAsm|x86 = ReleaseWithoutAsm|x86
		RelWithDebInfo|ARM = RelWithDebInfo|ARM
		RelWithDebInfo|ARM64 = RelWithDebInfo|ARM64
		RelWithDebInfo|x64 = RelWithDebInfo|x64
		RelWithDebInfo|x86 = RelWithDebInfo|x86
	EndGlobalSection
	GlobalSection(ProjectConfigurationPlatforms) = postSolution
		{825453DD-7009-44F4-887E-A6F4B1335734}.Debug|ARM.ActiveCfg = Debug|x64
		{825453DD-7009-44F4-887E-A6F4B1335734}.Debug|ARM.Build.0 = Debug|x64
		{825453DD-7009-44F4-887E-A6F4B1335734}.Debug|ARM64.ActiveCfg = Debug|x64
		{825453DD-7009-44F4-887E-A6F4B1335734}.Debug|ARM64.Build.0 = Debug|x64
		{825453DD-7009-44F4-887E-A6F4B1335734}.Debug|x64.ActiveCfg = Debug|x64
		{825453DD-7009-44F4-887E-A6F4B1335734}.Debug|x64.Build.0 = Debug|x64
		{825453DD-7009-44F4-887E-A6F4B1335734}.Debug|x86.ActiveCfg = Debug|Win32
		{825453DD-7009-44F4-887E-A6F4B1335734}.Debug|x86.Build.0 = Debug|Win32
		{825453DD-7009-44F4-887E-A6F4B1335734}.MinSizeRel|ARM.ActiveCfg = Release|x64
		{825453DD-7009-44F4-887E-A6F4B1335734}.MinSizeRel|ARM.Build.0 = Release|x64
		{825453DD-7009-44F4-887E-A6F4B1335734}.MinSizeRel|ARM64.ActiveCfg = Release|x64
		{825453DD-7009-44F4-887E-A6F4B1335734}.MinSizeRel|ARM64.Build.0 = Release|x64
		{825453DD-7009-44F4-887E-A6F4B1335734}.MinSizeRel|x64.ActiveCfg = Release|x64
		{825453DD-7009-44F4-887E-A6F4B1335734}.MinSizeRel|x64.Build.0 = Release|x64
		{825453DD-7009-44F4-887E-A6F4B1335734}.MinSizeRel|x86.ActiveCfg = Release|Win32
		{825453DD-7009-44F4-887E-A6F4B1335734}.MinSizeRel|x86.Build.0 = Release|Win32
		{825453DD-7009-44F4-887E-A6F4B1335734}.Release|ARM.ActiveCfg = Release|x64
		{825453DD-7009-44F4-887E-A6F4B1335734}.Release|ARM.Build.0 = Release|x64
		{825453DD-7009-44F4-887E-A6F4B1335734}.Release|ARM64.ActiveCfg = Release|x64
		{825453DD-7009-44F4-887E-A6F4B1335734}.Release|ARM64.Build.0 = Release|x64
		{825453DD-7009-44F4-887E-A6F4B1335734}.Release|x64.ActiveCfg = Release|x64
		{825453DD-7009-44F4-887E-A6F4B1335734}.Release|x64.Build.0 = Release|x64
		{825453DD-7009-44F4-887E-A6F4B1335734}.Release|x86.ActiveCfg = Release|Win32
		{825453DD-7009-44F4-887E-A6F4B1335734}.Release|x86.Build.0 = Release|Win32
		{825453DD-7009-44F4-887E-A6F4B1335734}.ReleaseWithoutAsm|ARM.ActiveCfg = Release|x64
		{825453DD-7009-44F4-887E-A6F4B1335734}.ReleaseWithoutAsm|ARM.Build.0 = Release|x64
		{825453DD-7009-44F4-887E-A6F4B1335734}.ReleaseWithoutAsm|ARM64.ActiveCfg = Release|x64
		{825453DD-7009-44F4-887E-A6F4B1335734}.ReleaseWithoutAsm|ARM64.Build.0 = Release|x64
		{825453DD-7009-44F4-887E-A6F4B1335734}.ReleaseWithoutAsm|x64.ActiveCfg = Release|x64
		{825453DD-7009-44F4-887E-A6F4B1335734}.ReleaseWithoutAsm|x64.Build.0 = Release|x64
		{825453DD-7009-44F4-887E-A6F4B1335734}.ReleaseWithoutAsm|x86.ActiveCfg = Release|Win32
		{825453DD-7009-44F4-887E-A6F4B1335734}.ReleaseWithoutAsm|x86.Build.0 = Release|Win32
		{825453DD-7009-44F4-887E-A6F4B1335734}.RelWithDebInfo|ARM.ActiveCfg = Release|x64
		{825453DD-7009-44F4-887E-A6F4B1335734}.RelWithDebInfo|ARM.Build.0 = Release|x64
		{825453DD-7009-44F4-887E-A6F4B1335734}.RelWithDebInfo|ARM64.ActiveCfg = Release|x64
		{825453DD-7009-44F4-887E-A6F4B1335734}.RelWithDebInfo|ARM64.Build.0 = Release|x64
		{825453DD-7009-44F4-887E-A6F4B1335734}.RelWithDebInfo|x64.ActiveCfg = Release|x64
		{825453DD-7009-44F4-887E-A6F4B1335734}.RelWithDebInfo|x64.Build.0 = Release|x64
		{825453DD-7009-44F4-887E-A6F4B1335734}.RelWithDebInfo|x86.ActiveCfg = Release|Win32
		{825453DD-7009-44F4-887E-A6F4B1335734}.RelWithDebInfo|x86.Build.0 = Release|Win32
		{90259610-3FA1-4DD6-94A3-B2304E7BE9C6}.Debug|ARM.ActiveCfg = Debug|x64
		{90259610-3FA1-4DD6-94A3-B2304E7BE9C6}.Debug|ARM.Build.0 = Debug|x64
		{90259610-3FA1-4DD6-94A3-B2304E7BE9C6}.Debug|ARM64.ActiveCfg = Debug|x64
		{90259610-3FA1-4DD6-94A3-B2304E7BE9C6}.Debug|ARM64.Build.0 = Debug|x64
		{90259610-3FA1-4DD6-94A3-B2304E7BE9C6}.Debug|x64.ActiveCfg = Debug|x64
		{90259610-3FA1-4DD6-94A3-B2304E7BE9C6}.Debug|x64.Build.0 = Debug|x64
		{90259610-3FA1-4DD6-94A3-B2304E7BE9C6}.Debug|x86.ActiveCfg = Debug|Win32
		{90259610-3FA1-4DD6-94A3-B2304E7BE9C6}.Debug|x86.Build.0 = Debug|Win32
		{90259610-3FA1-4DD6-94A3-B2304E7BE9C6}.MinSizeRel|ARM.ActiveCfg = Release|x64
		{90259610-3FA1-4DD6-94A3-B2304E7BE9C6}.MinSizeRel|ARM.Build.0 = Release|x64
		{90259610-3FA1-4DD6-94A3-B2304E7BE9C6}.MinSizeRel|ARM64.ActiveCfg = Release|x64
		{90259610-3FA1-4DD6-94A3-B2304E7BE9C6}.MinSizeRel|ARM64.Build.0 = Release|x64
		{90259610-3FA1-4DD6-94A3-B2304E7BE9C6}.MinSizeRel|x64.ActiveCfg = Release|x64
		{90259610-3FA1-4DD6-94A3-B2304E7BE9C6}.MinSizeRel|x64.Build.0 = Release|x64
		{90259610-3FA1-4DD6-94A3-B2304E7BE9C6}.MinSizeRel|x86.ActiveCfg = Release|Win32
		{90259610-3FA1-4DD6-94A3-B2304E7BE9C6}.MinSizeRel|x86.Build.0 = Release|Win32
		{90259610-3FA1-4DD6-94A3-B2304E7BE9C6}.Release|ARM.ActiveCfg = Release|x64
		{90259610-3FA1-4DD6-94A3-B2304E7BE9C6}.Release|ARM.Build.0 = Release|x64
		{90259610-3FA1-4DD6-94A3-B2304E7BE9C6}.Release|ARM64.ActiveCfg = Release|x64
		{90259610-3FA1-4DD6-94A3-B2304E7BE9C6}.Release|ARM64.Build.0 = Release|x64
		{90259610-3FA1-4DD6-94A3-B2304E7BE9C6}.Release|x64.ActiveCfg = Release|x64
		{90259610-3FA1-4DD6-94A3-B2304E7BE9C6}.Release|x64.Build.0 = Release|x64
		{90259610-3FA1-4DD6-94A3-B2304E7BE9C6}.Release|x86.ActiveCfg = Release|Win32
		{90259610-3FA1-4DD6-94A3-B2304E7BE9C6}.Release|x86.Build.0 = Release|Win32
		{90259610-3FA1-4DD6-94A3-B2304E7BE9C6}.ReleaseWithoutAsm|ARM.ActiveCfg = Release|x64
		{90259610-3FA1-4DD6-94A3-B2304E7BE9C6}.ReleaseWithoutAsm|ARM.Build.0 = Release|x64
		{90259610-3FA1-4DD6-94A3-B2304E7BE9C6}.ReleaseWithoutAsm|ARM64.ActiveCfg = Release|x64
		{90259610-3FA1-4DD6-94A3-B2304E7BE9C6}.ReleaseWithoutAsm|ARM64.Build.0 = Release|x64
		{90259610-3FA1-4DD6-94A3-B2304E7BE9C6}.ReleaseWithoutAsm|x64.ActiveCfg = Release|x64
		{90259610-3FA1-4DD6-94A3-B2304E7BE9C6}.ReleaseWithoutAsm|x64.Build.0 = Release|x64
		{90259610-3FA1-4DD6-94A3-B2304E7BE9C6}.ReleaseWithoutAsm|x86.ActiveCfg = Release|Win32
		{90259610-3FA1-4DD6-94A3-B2304E7BE9C6}.ReleaseWithoutAsm|x86.Build.0 = Release|Win32
		{90259610-3FA1-4DD6-94A3-B2304E7BE9C6}.RelWithDebInfo|ARM.ActiveCfg = Release|x64
		{90259610-3FA1-4DD6-94A3-B2304E7BE9C6}.RelWithDebInfo|ARM.Build.0 = Release|x64
		{90259610-3FA1-4DD6-94A3-B2304E7BE9C6}.RelWithDebInfo|ARM64.ActiveCfg = Release|x64
		{90259610-3FA1-4DD6-94A3-B2304E7BE9C6}.RelWithDebInfo|ARM64.Build.0 = Release|x64
		{90259610-3FA1-4DD6-94A3-B2304E7BE9C6}.RelWithDebInfo|x64.ActiveCfg = Release|x64
		{90259610-3FA1-4DD6-94A3-B2304E7BE9C6}.RelWithDebInfo|x64.Build.0 = Release|x64
		{90259610-3FA1-4DD6-94A3-B2304E7BE9C6}.RelWithDebInfo|x86.ActiveCfg = Release|Win32
		{90259610-3FA1-4DD6-94A3-B2304E7BE9C6}.RelWithDebInfo|x86.Build.0 = Release|Win32
		{295B3104-787C-4B86-A358-3EFC3F23910B}.Debug|ARM.ActiveCfg = Debug|x64
		{295B3104-787C-4B86-A358-3EFC3F23910B}.Debug|ARM.Build.0 = Debug|x64
		{295B3104-787C-4B86-A358-3EFC3F23910B}.Debug|ARM64.ActiveCfg = Debug|x64
		{295B3104-787C-4B86-A358-3EFC3F23910B}.Debug|ARM64.Build.0 = Debug|x64
		{295B3104-787C-4B86-A358-3EFC3F23910B}.Debug|x64.ActiveCfg = Debug|x64
		{295B3104-787C-4B86-A358-3EFC3F23910B}.Debug|x64.Build.0 = Debug|x64
		{295B3104-787C-4B86-A358-3EFC3F23910B}.Debug|x86.ActiveCfg = Debug|Win32
		{295B3104-787C-4B86-A358-3EFC3F23910B}.Debug|x86.Build.0 = Debug|Win32
		{295B3104-787C-4B86-A358-3EFC3F23910B}.MinSizeRel|ARM.ActiveCfg = Release|x64
		{295B3104-787C-4B86-A358-3EFC3F23910B}.MinSizeRel|ARM.Build.0 = Release|x64
		{295B3104-787C-4B86-A358-3EFC3F23910B}.MinSizeRel|ARM64.ActiveCfg = Release|x64
		{295B3104-787C-4B86-A358-3EFC3F23910B}.MinSizeRel|ARM64.Build.0 = Release|x64
		{295B3104-787C-4B86-A358-3EFC3F23910B}.MinSizeRel|x64.ActiveCfg = Release|x64
		{295B3104-787C-4B86-A358-3EFC3F23910B}.MinSizeRel|x64.Build.0 = Release|x64
		{295B3104-787C-4B86-A358-3EFC3F23910B}.MinSizeRel|x86.ActiveCfg = Release|Win32
		{295B3104-787C-4B86-A358-3EFC3F23910B}.MinSizeRel|x86.Build.0 = Release|Win32
		{295B3104-787C-4B86-A358-3EFC3F23910B}.Release|ARM.ActiveCfg = Release|x64
		{295B3104-787C-4B86-A358-3EFC3F23910B}.Release|ARM.Build.0 = Release|x64
		{295B3104-787C-4B86-A358-3EFC3F23910B}.Release|ARM64.ActiveCfg = Release|x64
		{295B3104-787C-4B86-A358-3EFC3F23910B}.Release|ARM64.Build.0 = Release|x64
		{295B3104-787C-4B86-A358-3EFC3F23910B}.Release|x64.ActiveCfg = Release|x64
		{295B3104-787C-4B86-A358-3EFC3F23910B}.Release|x64.Build.0 = Release|x64
		{295B3104-787C-4B86-A358-3EFC3F23910B}.Release|x86.ActiveCfg = Release|Win32
		{295B3104-787C-4B86-A358-3EFC3F23910B}.Release|x86.Build.0 = Release|Win32
		{295B3104-787C-4B86-A358-3EFC3F23910B}.ReleaseWithoutAsm|ARM.ActiveCfg = Release|x64
		{295B3104-787C-4B86-A358-3EFC3F23910B}.ReleaseWithoutAsm|ARM.Build.0 = Release|x64
		{295B3104-787C-4B86-A358-3EFC3F23910B}.ReleaseWithoutAsm|ARM64.ActiveCfg = Release|x64
		{295B3104-787C-4B86-A358-3EFC3F23910B}.ReleaseWithoutAsm|ARM64.Build.0 = Release|x64
		{295B3104-787C-4B86-A358-3EFC3F23910B}.ReleaseWithoutAsm|x64.ActiveCfg = Release|x64
		{295B3104-787C-4B86-A358-3EFC3F23910B}.ReleaseWithoutAsm|x64.Build.0 = Release|x64
		{295B3104-787C-4B86-A358-3EFC3F23910B}.ReleaseWithoutAsm|x86.ActiveCfg = Release|Win32
		{295B3104-787C-4B86-A358-3EFC3F23910B}.ReleaseWithoutAsm|x86.Build.0 = Release|Win32
		{295B3104-787C-4B86-A358-3EFC3F23910B}.RelWithDebInfo|ARM.ActiveCfg = Release|x64
		{295B3104-787C-4B86-A358-3EFC3F23910B}.RelWithDebInfo|ARM.Build.0 = Release|x64
		{295B3104-787C-4B86-A358-3EFC3F23910B}.RelWithDebInfo|ARM64.ActiveCfg = Release|x64
		{295B3104-787C-4B86-A358-3EFC3F23910B}.RelWithDebInfo|ARM64.Build.0 = Release|x64
		{295B3104-787C-4B86-A358-3EFC3F23910B}.RelWithDebInfo|x64.ActiveCfg = Release|x64
		{295B3104-787C-4B86-A358-3EFC3F23910B}.RelWithDebInfo|x64.Build.0 = Release|x64
		{295B3104-787C-4B86-A358-3EFC3F23910B}.RelWithDebInfo|x86.ActiveCfg = Release|Win32
		{295B3104-787C-4B86-A358-3EFC3F23910B}.RelWithDebInfo|x86.Build.0 = Release|Win32
		{745DEC58-EBB3-47A9-A9B8-4C6627C01BF8}.Debug|ARM.ActiveCfg = Debug|ARM
		{745DEC58-EBB3-47A9-A9B8-4C6627C01BF8}.Debug|ARM.Build.0 = Debug|ARM
		{745DEC58-EBB3-47A9-A9B8-4C6627C01BF8}.Debug|ARM64.ActiveCfg = Debug|ARM64
		{745DEC58-EBB3-47A9-A9B8-4C6627C01BF8}.Debug|ARM64.Build.0 = Debug|ARM64
		{745DEC58-EBB3-47A9-A9B8-4C6627C01BF8}.Debug|x64.ActiveCfg = Debug|x64
		{745DEC58-EBB3-47A9-A9B8-4C6627C01BF8}.Debug|x64.Build.0 = Debug|x64
		{745DEC58-EBB3-47A9-A9B8-4C6627C01BF8}.Debug|x86.ActiveCfg = Debug|Win32
		{745DEC58-EBB3-47A9-A9B8-4C6627C01BF8}.Debug|x86.Build.0 = Debug|Win32
		{745DEC58-EBB3-47A9-A9B8-4C6627C01BF8}.MinSizeRel|ARM.ActiveCfg = ReleaseWithoutAsm|ARM
		{745DEC58-EBB3-47A9-A9B8-4C6627C01BF8}.MinSizeRel|ARM.Build.0 = ReleaseWithoutAsm|ARM
		{745DEC58-EBB3-47A9-A9B8-4C6627C01BF8}.MinSizeRel|ARM64.ActiveCfg = ReleaseWithoutAsm|ARM64
		{745DEC58-EBB3-47A9-A9B8-4C6627C01BF8}.MinSizeRel|ARM64.Build.0 = ReleaseWithoutAsm|ARM64
		{745DEC58-EBB3-47A9-A9B8-4C6627C01BF8}.MinSizeRel|x64.ActiveCfg = ReleaseWithoutAsm|x64
		{745DEC58-EBB3-47A9-A9B8-4C6627C01BF8}.MinSizeRel|x64.Build.0 = ReleaseWithoutAsm|x64
		{745DEC58-EBB3-47A9-A9B8-4C6627C01BF8}.MinSizeRel|x86.ActiveCfg = Debug|Win32
		{745DEC58-EBB3-47A9-A9B8-4C6627C01BF8}.MinSizeRel|x86.Build.0 = Debug|Win32
		{745DEC58-EBB3-47A9-A9B8-4C6627C01BF8}.Release|ARM.ActiveCfg = Release|ARM
		{745DEC58-EBB3-47A9-A9B8-4C6627C01BF8}.Release|ARM.Build.0 = Release|ARM
		{745DEC58-EBB3-47A9-A9B8-4C6627C01BF8}.Release|ARM64.ActiveCfg = Release|ARM64
		{745DEC58-EBB3-47A9-A9B8-4C6627C01BF8}.Release|ARM64.Build.0 = Release|ARM64
		{745DEC58-EBB3-47A9-A9B8-4C6627C01BF8}.Release|x64.ActiveCfg = Release|x64
		{745DEC58-EBB3-47A9-A9B8-4C6627C01BF8}.Release|x64.Build.0 = Release|x64
		{745DEC58-EBB3-47A9-A9B8-4C6627C01BF8}.Release|x86.ActiveCfg = Release|Win32
		{745DEC58-EBB3-47A9-A9B8-4C6627C01BF8}.Release|x86.Build.0 = Release|Win32
		{745DEC58-EBB3-47A9-A9B8-4C6627C01BF8}.ReleaseWithoutAsm|ARM.ActiveCfg = ReleaseWithoutAsm|ARM
		{745DEC58-EBB3-47A9-A9B8-4C6627C01BF8}.ReleaseWithoutAsm|ARM.Build.0 = ReleaseWithoutAsm|ARM
		{745DEC58-EBB3-47A9-A9B8-4C6627C01BF8}.ReleaseWithoutAsm|ARM64.ActiveCfg = ReleaseWithoutAsm|ARM64
		{745DEC58-EBB3-47A9-A9B8-4C6627C01BF8}.ReleaseWithoutAsm|ARM64.Build.0 = ReleaseWithoutAsm|ARM64
		{745DEC58-EBB3-47A9-A9B8-4C6627C01BF8}.ReleaseWithoutAsm|x64.ActiveCfg = ReleaseWithoutAsm|x64
		{745DEC58-EBB3-47A9-A9B8-4C6627C01BF8}.ReleaseWithoutAsm|x64.Build.0 = ReleaseWithoutAsm|x64
		{745DEC58-EBB3-47A9-A9B8-4C6627C01BF8}.ReleaseWithoutAsm|x86.ActiveCfg = ReleaseWithoutAsm|Win32
		{745DEC58-EBB3-47A9-A9B8-4C6627C01BF8}.ReleaseWithoutAsm|x86.Build.0 = ReleaseWithoutAsm|Win32
		{745DEC58-EBB3-47A9-A9B8-4C6627C01BF8}.RelWithDebInfo|ARM.ActiveCfg = ReleaseWithoutAsm|ARM
		{745DEC58-EBB3-47A9-A9B8-4C6627C01BF8}.RelWithDebInfo|ARM.Build.0 = ReleaseWithoutAsm|ARM
		{745DEC58-EBB3-47A9-A9B8-4C6627C01BF8}.RelWithDebInfo|ARM64.ActiveCfg = ReleaseWithoutAsm|ARM64
		{745DEC58-EBB3-47A9-A9B8-4C6627C01BF8}.RelWithDebInfo|ARM64.Build.0 = ReleaseWithoutAsm|ARM64
		{745DEC58-EBB3-47A9-A9B8-4C6627C01BF8}.RelWithDebInfo|x64.ActiveCfg = ReleaseWithoutAsm|x64
		{745DEC58-EBB3-47A9-A9B8-4C6627C01BF8}.RelWithDebInfo|x64.Build.0 = ReleaseWithoutAsm|x64
		{745DEC58-EBB3-47A9-A9B8-4C6627C01BF8}.RelWithDebInfo|x86.ActiveCfg = ReleaseWithoutAsm|Win32
		{745DEC58-EBB3-47A9-A9B8-4C6627C01BF8}.RelWithDebInfo|x86.Build.0 = ReleaseWithoutAsm|Win32
	EndGlobalSection
	GlobalSection(SolutionProperties) = preSolution
		HideSolutionNode = FALSE
	EndGlobalSection
	GlobalSection(ExtensibilityGlobals) = postSolution
		SolutionGuid = {DBF9C0EB-AB87-4D06-B720-8254991AFDD3}
	EndGlobalSection
EndGlobal
