
Microsoft Visual Studio Solution File, Format Version 12.00
# Visual Studio Version 17
VisualStudioVersion = 17.7.34024.191
MinimumVisualStudioVersion = 10.0.40219.1
Project("{8BC9CEB8-8B4A-11D0-8D11-00A0C91BC942}") = "RemoteDesktopClient", "RemoteDesktop\RemoteDesktop.vcxproj", "{825453DD-7009-44F4-887E-A6F4B1335734}"
EndProject
Project("{8BC9CEB8-8B4A-11D0-8D11-00A0C91BC942}") = "RemoteDesktopServer", "RemoteDesktopClient\RemoteDesktopClient.vcxproj", "{90259610-3FA1-4DD6-94A3-B2304E7BE9C6}"
EndProject
Project("{8BC9CEB8-8B4A-11D0-8D11-00A0C91BC942}") = "Common", "Common\Common.vcxproj", "{295B3104-787C-4B86-A358-3EFC3F23910B}"
EndProject
Global
	GlobalSection(SolutionConfigurationPlatforms) = preSolution
		Debug|x64 = Debug|x64
		Debug|x86 = Debug|x86
		Release|x64 = Release|x64
		Release|x86 = Release|x86
	EndGlobalSection
	GlobalSection(ProjectConfigurationPlatforms) = postSolution
		{825453DD-7009-44F4-887E-A6F4B1335734}.Debug|x64.ActiveCfg = Debug|x64
		{825453DD-7009-44F4-887E-A6F4B1335734}.Debug|x64.Build.0 = Debug|x64
		{825453DD-7009-44F4-887E-A6F4B1335734}.Debug|x86.ActiveCfg = Debug|Win32
		{825453DD-7009-44F4-887E-A6F4B1335734}.Debug|x86.Build.0 = Debug|Win32
		{825453DD-7009-44F4-887E-A6F4B1335734}.Release|x64.ActiveCfg = Release|x64
		{825453DD-7009-44F4-887E-A6F4B1335734}.Release|x64.Build.0 = Release|x64
		{825453DD-7009-44F4-887E-A6F4B1335734}.Release|x86.ActiveCfg = Release|Win32
		{825453DD-7009-44F4-887E-A6F4B1335734}.Release|x86.Build.0 = Release|Win32
		{90259610-3FA1-4DD6-94A3-B2304E7BE9C6}.Debug|x64.ActiveCfg = Debug|x64
		{90259610-3FA1-4DD6-94A3-B2304E7BE9C6}.Debug|x64.Build.0 = Debug|x64
		{90259610-3FA1-4DD6-94A3-B2304E7BE9C6}.Debug|x86.ActiveCfg = Debug|Win32
		{90259610-3FA1-4DD6-94A3-B2304E7BE9C6}.Debug|x86.Build.0 = Debug|Win32
		{90259610-3FA1-4DD6-94A3-B2304E7BE9C6}.Release|x64.ActiveCfg = Release|x64
		{90259610-3FA1-4DD6-94A3-B2304E7BE9C6}.Release|x64.Build.0 = Release|x64
		{90259610-3FA1-4DD6-94A3-B2304E7BE9C6}.Release|x86.ActiveCfg = Release|Win32
		{90259610-3FA1-4DD6-94A3-B2304E7BE9C6}.Release|x86.Build.0 = Release|Win32
		{295B3104-787C-4B86-A358-3EFC3F23910B}.Debug|x64.ActiveCfg = Debug|x64
		{295B3104-787C-4B86-A358-3EFC3F23910B}.Debug|x64.Build.0 = Debug|x64
		{295B3104-787C-4B86-A358-3EFC3F23910B}.Debug|x86.ActiveCfg = Debug|Win32
		{295B3104-787C-4B86-A358-3EFC3F23910B}.Debug|x86.Build.0 = Debug|Win32
		{295B3104-787C-4B86-A358-3EFC3F23910B}.Release|x64.ActiveCfg = Release|x64
		{295B3104-787C-4B86-A358-3EFC3F23910B}.Release|x64.Build.0 = Release|x64
		{295B3104-787C-4B86-A358-3EFC3F23910B}.Release|x86.ActiveCfg = Release|Win32
		{295B3104-787C-4B86-A358-3EFC3F23910B}.Release|x86.Build.0 = Release|Win32
	EndGlobalSection
	GlobalSection(SolutionProperties) = preSolution
		HideSolutionNode = FALSE
	EndGlobalSection
	GlobalSection(ExtensibilityGlobals) = postSolution
		SolutionGuid = {DBF9C0EB-AB87-4D06-B720-8254991AFDD3}
	EndGlobalSection
EndGlobal
